
Microsoft Visual Studio Solution File, Format Version 12.00
# Visual Studio Version 17
VisualStudioVersion = 17.1.32407.343
MinimumVisualStudioVersion = 10.0.40219.1
Project("{9A19103F-16F7-4668-BE54-9A1E7A4F7556}") = "api.dogovor.alif.tj", "api.dogovor.alif.tj\api.dogovor.alif.tj.csproj", "{C54656B4-18E4-42EC-8AC2-B5B84E23036A}"
EndProject
Project("{9A19103F-16F7-4668-BE54-9A1E7A4F7556}") = "ConnectionProvider", "ConnectionProvider\ConnectionProvider.csproj", "{829D2184-81DD-4D7D-B6DD-31850DD6DE51}"
EndProject
Project("{9A19103F-16F7-4668-BE54-9A1E7A4F7556}") = "Domain", "Entity\Domain.csproj", "{05A94417-3B2B-4809-9D2A-2EB2AB8BCEB6}"
EndProject
Project("{9A19103F-16F7-4668-BE54-9A1E7A4F7556}") = "Repository", "Repository\Repository.csproj", "{94174F79-6D92-4A36-81D0-1B77F106E434}"
EndProject
Project("{9A19103F-16F7-4668-BE54-9A1E7A4F7556}") = "Service", "Service\Service.csproj", "{320BC963-B6EE-4565-AD2D-B72F58E1303D}"
EndProject
Global
	GlobalSection(SolutionConfigurationPlatforms) = preSolution
		Debug|Any CPU = Debug|Any CPU
		Release|Any CPU = Release|Any CPU
	EndGlobalSection
	GlobalSection(ProjectConfigurationPlatforms) = postSolution
		{C54656B4-18E4-42EC-8AC2-B5B84E23036A}.Debug|Any CPU.ActiveCfg = Debug|Any CPU
		{C54656B4-18E4-42EC-8AC2-B5B84E23036A}.Debug|Any CPU.Build.0 = Debug|Any CPU
		{C54656B4-18E4-42EC-8AC2-B5B84E23036A}.Release|Any CPU.ActiveCfg = Release|Any CPU
		{C54656B4-18E4-42EC-8AC2-B5B84E23036A}.Release|Any CPU.Build.0 = Release|Any CPU
		{829D2184-81DD-4D7D-B6DD-31850DD6DE51}.Debug|Any CPU.ActiveCfg = Debug|Any CPU
		{829D2184-81DD-4D7D-B6DD-31850DD6DE51}.Debug|Any CPU.Build.0 = Debug|Any CPU
		{829D2184-81DD-4D7D-B6DD-31850DD6DE51}.Release|Any CPU.ActiveCfg = Release|Any CPU
		{829D2184-81DD-4D7D-B6DD-31850DD6DE51}.Release|Any CPU.Build.0 = Release|Any CPU
		{05A94417-3B2B-4809-9D2A-2EB2AB8BCEB6}.Debug|Any CPU.ActiveCfg = Debug|Any CPU
		{05A94417-3B2B-4809-9D2A-2EB2AB8BCEB6}.Debug|Any CPU.Build.0 = Debug|Any CPU
		{05A94417-3B2B-4809-9D2A-2EB2AB8BCEB6}.Release|Any CPU.ActiveCfg = Release|Any CPU
		{05A94417-3B2B-4809-9D2A-2EB2AB8BCEB6}.Release|Any CPU.Build.0 = Release|Any CPU
		{94174F79-6D92-4A36-81D0-1B77F106E434}.Debug|Any CPU.ActiveCfg = Debug|Any CPU
		{94174F79-6D92-4A36-81D0-1B77F106E434}.Debug|Any CPU.Build.0 = Debug|Any CPU
		{94174F79-6D92-4A36-81D0-1B77F106E434}.Release|Any CPU.ActiveCfg = Release|Any CPU
		{94174F79-6D92-4A36-81D0-1B77F106E434}.Release|Any CPU.Build.0 = Release|Any CPU
		{320BC963-B6EE-4565-AD2D-B72F58E1303D}.Debug|Any CPU.ActiveCfg = Debug|Any CPU
		{320BC963-B6EE-4565-AD2D-B72F58E1303D}.Debug|Any CPU.Build.0 = Debug|Any CPU
		{320BC963-B6EE-4565-AD2D-B72F58E1303D}.Release|Any CPU.ActiveCfg = Release|Any CPU
		{320BC963-B6EE-4565-AD2D-B72F58E1303D}.Release|Any CPU.Build.0 = Release|Any CPU
	EndGlobalSection
	GlobalSection(SolutionProperties) = preSolution
		HideSolutionNode = FALSE
	EndGlobalSection
	GlobalSection(ExtensibilityGlobals) = postSolution
		SolutionGuid = {81357A85-4D00-4F35-B53E-DA84C19C49B6}
	EndGlobalSection
EndGlobal
